
Microsoft Visual Studio Solution File, Format Version 12.00
# Visual Studio Version 16
VisualStudioVersion = 16.0.30413.136
MinimumVisualStudioVersion = 10.0.40219.1
Project("{FAE04EC0-301F-11D3-BF4B-00C04F79EFBC}") = "ClaseObjetoTest", "ClaseObjetoTest.csproj", "{90CB6D03-33C8-4C1E-9322-6FDE29A0D19D}"
EndProject
Global
	GlobalSection(SolutionConfigurationPlatforms) = preSolution
		Debug|Any CPU = Debug|Any CPU
		Release|Any CPU = Release|Any CPU
	EndGlobalSection
	GlobalSection(ProjectConfigurationPlatforms) = postSolution
		{90CB6D03-33C8-4C1E-9322-6FDE29A0D19D}.Debug|Any CPU.ActiveCfg = Debug|Any CPU
		{90CB6D03-33C8-4C1E-9322-6FDE29A0D19D}.Debug|Any CPU.Build.0 = Debug|Any CPU
		{90CB6D03-33C8-4C1E-9322-6FDE29A0D19D}.Release|Any CPU.ActiveCfg = Release|Any CPU
		{90CB6D03-33C8-4C1E-9322-6FDE29A0D19D}.Release|Any CPU.Build.0 = Release|Any CPU
	EndGlobalSection
	GlobalSection(SolutionProperties) = preSolution
		HideSolutionNode = FALSE
	EndGlobalSection
	GlobalSection(ExtensibilityGlobals) = postSolution
		SolutionGuid = {35B758D4-956C-4511-8427-0A26D68523FD}
	EndGlobalSection
EndGlobal
